
Microsoft Visual Studio Solution File, Format Version 12.00
# Visual Studio 14
VisualStudioVersion = 14.0.25420.1
MinimumVisualStudioVersion = 10.0.40219.1
Project("{D954291E-2A0B-460D-934E-DC6B0785DB48}") = "aFlexware", "aFlexware\aFlexware.shproj", "{F81468CE-7056-4A79-A3CF-2EF5B76C1BF3}"
EndProject
Global
	GlobalSection(SharedMSBuildProjectFiles) = preSolution
		aFlexware\aFlexware.projitems*{f81468ce-7056-4a79-a3cf-2ef5b76c1bf3}*SharedItemsImports = 13
	EndGlobalSection
	GlobalSection(SolutionProperties) = preSolution
		HideSolutionNode = FALSE
	EndGlobalSection
EndGlobal
